
Microsoft Visual Studio Solution File, Format Version 12.00
# Visual Studio 15
VisualStudioVersion = 15.0.26228.4
MinimumVisualStudioVersion = 10.0.40219.1
Project("{FAE04EC0-301F-11D3-BF4B-00C04F79EFBC}") = "ProfilerCore", "ProfilerCore\ProfilerCore.csproj", "{8F4673A3-0F35-45CA-BE18-7344C7EAB21C}"
EndProject
Project("{FAE04EC0-301F-11D3-BF4B-00C04F79EFBC}") = "Profiler", "Profiler\Profiler.csproj", "{866960B9-7B25-4389-B3A5-8289EF5DDC61}"
EndProject
Project("{FAE04EC0-301F-11D3-BF4B-00C04F79EFBC}") = "IpcGen", "IpcGen\IpcGen.csproj", "{C94BD296-35BE-46F6-9CE8-220A6720EBDE}"
EndProject
Global
	GlobalSection(SolutionConfigurationPlatforms) = preSolution
		Debug - X64|Any CPU = Debug - X64|Any CPU
		Debug - X64|x64 = Debug - X64|x64
		Debug - X64|x86 = Debug - X64|x86
		Debug|Any CPU = Debug|Any CPU
		Debug|x64 = Debug|x64
		Debug|x86 = Debug|x86
		Release - X64|Any CPU = Release - X64|Any CPU
		Release - X64|x64 = Release - X64|x64
		Release - X64|x86 = Release - X64|x86
		Release|Any CPU = Release|Any CPU
		Release|x64 = Release|x64
		Release|x86 = Release|x86
	EndGlobalSection
	GlobalSection(ProjectConfigurationPlatforms) = postSolution
		{8F4673A3-0F35-45CA-BE18-7344C7EAB21C}.Debug - X64|Any CPU.ActiveCfg = Debug|Any CPU
		{8F4673A3-0F35-45CA-BE18-7344C7EAB21C}.Debug - X64|Any CPU.Build.0 = Debug|Any CPU
		{8F4673A3-0F35-45CA-BE18-7344C7EAB21C}.Debug - X64|x64.ActiveCfg = Debug|Any CPU
		{8F4673A3-0F35-45CA-BE18-7344C7EAB21C}.Debug - X64|x64.Build.0 = Debug|Any CPU
		{8F4673A3-0F35-45CA-BE18-7344C7EAB21C}.Debug - X64|x86.ActiveCfg = Debug|Any CPU
		{8F4673A3-0F35-45CA-BE18-7344C7EAB21C}.Debug - X64|x86.Build.0 = Debug|Any CPU
		{8F4673A3-0F35-45CA-BE18-7344C7EAB21C}.Debug|Any CPU.ActiveCfg = Debug|Any CPU
		{8F4673A3-0F35-45CA-BE18-7344C7EAB21C}.Debug|Any CPU.Build.0 = Debug|Any CPU
		{8F4673A3-0F35-45CA-BE18-7344C7EAB21C}.Debug|x64.ActiveCfg = Debug|Any CPU
		{8F4673A3-0F35-45CA-BE18-7344C7EAB21C}.Debug|x64.Build.0 = Debug|Any CPU
		{8F4673A3-0F35-45CA-BE18-7344C7EAB21C}.Debug|x86.ActiveCfg = Debug|Any CPU
		{8F4673A3-0F35-45CA-BE18-7344C7EAB21C}.Debug|x86.Build.0 = Debug|Any CPU
		{8F4673A3-0F35-45CA-BE18-7344C7EAB21C}.Release - X64|Any CPU.ActiveCfg = Release|Any CPU
		{8F4673A3-0F35-45CA-BE18-7344C7EAB21C}.Release - X64|Any CPU.Build.0 = Release|Any CPU
		{8F4673A3-0F35-45CA-BE18-7344C7EAB21C}.Release - X64|x64.ActiveCfg = Release|Any CPU
		{8F4673A3-0F35-45CA-BE18-7344C7EAB21C}.Release - X64|x64.Build.0 = Release|Any CPU
		{8F4673A3-0F35-45CA-BE18-7344C7EAB21C}.Release - X64|x86.ActiveCfg = Release|Any CPU
		{8F4673A3-0F35-45CA-BE18-7344C7EAB21C}.Release - X64|x86.Build.0 = Release|Any CPU
		{8F4673A3-0F35-45CA-BE18-7344C7EAB21C}.Release|Any CPU.ActiveCfg = Release|Any CPU
		{8F4673A3-0F35-45CA-BE18-7344C7EAB21C}.Release|Any CPU.Build.0 = Release|Any CPU
		{8F4673A3-0F35-45CA-BE18-7344C7EAB21C}.Release|x64.ActiveCfg = Release|Any CPU
		{8F4673A3-0F35-45CA-BE18-7344C7EAB21C}.Release|x64.Build.0 = Release|Any CPU
		{8F4673A3-0F35-45CA-BE18-7344C7EAB21C}.Release|x86.ActiveCfg = Release|Any CPU
		{8F4673A3-0F35-45CA-BE18-7344C7EAB21C}.Release|x86.Build.0 = Release|Any CPU
		{866960B9-7B25-4389-B3A5-8289EF5DDC61}.Debug - X64|Any CPU.ActiveCfg = Debug|Any CPU
		{866960B9-7B25-4389-B3A5-8289EF5DDC61}.Debug - X64|Any CPU.Build.0 = Debug|Any CPU
		{866960B9-7B25-4389-B3A5-8289EF5DDC61}.Debug - X64|x64.ActiveCfg = Debug|Any CPU
		{866960B9-7B25-4389-B3A5-8289EF5DDC61}.Debug - X64|x64.Build.0 = Debug|Any CPU
		{866960B9-7B25-4389-B3A5-8289EF5DDC61}.Debug - X64|x86.ActiveCfg = Debug|Any CPU
		{866960B9-7B25-4389-B3A5-8289EF5DDC61}.Debug - X64|x86.Build.0 = Debug|Any CPU
		{866960B9-7B25-4389-B3A5-8289EF5DDC61}.Debug|Any CPU.ActiveCfg = Debug|Any CPU
		{866960B9-7B25-4389-B3A5-8289EF5DDC61}.Debug|Any CPU.Build.0 = Debug|Any CPU
		{866960B9-7B25-4389-B3A5-8289EF5DDC61}.Debug|x64.ActiveCfg = Debug|Any CPU
		{866960B9-7B25-4389-B3A5-8289EF5DDC61}.Debug|x64.Build.0 = Debug|Any CPU
		{866960B9-7B25-4389-B3A5-8289EF5DDC61}.Debug|x86.ActiveCfg = Debug|Any CPU
		{866960B9-7B25-4389-B3A5-8289EF5DDC61}.Debug|x86.Build.0 = Debug|Any CPU
		{866960B9-7B25-4389-B3A5-8289EF5DDC61}.Release - X64|Any CPU.ActiveCfg = Release|Any CPU
		{866960B9-7B25-4389-B3A5-8289EF5DDC61}.Release - X64|Any CPU.Build.0 = Release|Any CPU
		{866960B9-7B25-4389-B3A5-8289EF5DDC61}.Release - X64|x64.ActiveCfg = Release|Any CPU
		{866960B9-7B25-4389-B3A5-8289EF5DDC61}.Release - X64|x64.Build.0 = Release|Any CPU
		{866960B9-7B25-4389-B3A5-8289EF5DDC61}.Release - X64|x86.ActiveCfg = Release|Any CPU
		{866960B9-7B25-4389-B3A5-8289EF5DDC61}.Release - X64|x86.Build.0 = Release|Any CPU
		{866960B9-7B25-4389-B3A5-8289EF5DDC61}.Release|Any CPU.ActiveCfg = Release|Any CPU
		{866960B9-7B25-4389-B3A5-8289EF5DDC61}.Release|Any CPU.Build.0 = Release|Any CPU
		{866960B9-7B25-4389-B3A5-8289EF5DDC61}.Release|x64.ActiveCfg = Release|Any CPU
		{866960B9-7B25-4389-B3A5-8289EF5DDC61}.Release|x64.Build.0 = Release|Any CPU
		{866960B9-7B25-4389-B3A5-8289EF5DDC61}.Release|x86.ActiveCfg = Release|Any CPU
		{866960B9-7B25-4389-B3A5-8289EF5DDC61}.Release|x86.Build.0 = Release|Any CPU
		{C94BD296-35BE-46F6-9CE8-220A6720EBDE}.Debug - X64|Any CPU.ActiveCfg = Debug|Any CPU
		{C94BD296-35BE-46F6-9CE8-220A6720EBDE}.Debug - X64|Any CPU.Build.0 = Debug|Any CPU
		{C94BD296-35BE-46F6-9CE8-220A6720EBDE}.Debug - X64|x64.ActiveCfg = Debug|Any CPU
		{C94BD296-35BE-46F6-9CE8-220A6720EBDE}.Debug - X64|x64.Build.0 = Debug|Any CPU
		{C94BD296-35BE-46F6-9CE8-220A6720EBDE}.Debug - X64|x86.ActiveCfg = Debug|Any CPU
		{C94BD296-35BE-46F6-9CE8-220A6720EBDE}.Debug - X64|x86.Build.0 = Debug|Any CPU
		{C94BD296-35BE-46F6-9CE8-220A6720EBDE}.Debug|Any CPU.ActiveCfg = Debug|Any CPU
		{C94BD296-35BE-46F6-9CE8-220A6720EBDE}.Debug|Any CPU.Build.0 = Debug|Any CPU
		{C94BD296-35BE-46F6-9CE8-220A6720EBDE}.Debug|x64.ActiveCfg = Debug|Any CPU
		{C94BD296-35BE-46F6-9CE8-220A6720EBDE}.Debug|x64.Build.0 = Debug|Any CPU
		{C94BD296-35BE-46F6-9CE8-220A6720EBDE}.Debug|x86.ActiveCfg = Debug|Any CPU
		{C94BD296-35BE-46F6-9CE8-220A6720EBDE}.Debug|x86.Build.0 = Debug|Any CPU
		{C94BD296-35BE-46F6-9CE8-220A6720EBDE}.Release - X64|Any CPU.ActiveCfg = Release|Any CPU
		{C94BD296-35BE-46F6-9CE8-220A6720EBDE}.Release - X64|Any CPU.Build.0 = Release|Any CPU
		{C94BD296-35BE-46F6-9CE8-220A6720EBDE}.Release - X64|x64.ActiveCfg = Release|Any CPU
		{C94BD296-35BE-46F6-9CE8-220A6720EBDE}.Release - X64|x64.Build.0 = Release|Any CPU
		{C94BD296-35BE-46F6-9CE8-220A6720EBDE}.Release - X64|x86.ActiveCfg = Release|Any CPU
		{C94BD296-35BE-46F6-9CE8-220A6720EBDE}.Release - X64|x86.Build.0 = Release|Any CPU
		{C94BD296-35BE-46F6-9CE8-220A6720EBDE}.Release|Any CPU.ActiveCfg = Release|Any CPU
		{C94BD296-35BE-46F6-9CE8-220A6720EBDE}.Release|Any CPU.Build.0 = Release|Any CPU
		{C94BD296-35BE-46F6-9CE8-220A6720EBDE}.Release|x64.ActiveCfg = Release|Any CPU
		{C94BD296-35BE-46F6-9CE8-220A6720EBDE}.Release|x64.Build.0 = Release|Any CPU
		{C94BD296-35BE-46F6-9CE8-220A6720EBDE}.Release|x86.ActiveCfg = Release|Any CPU
		{C94BD296-35BE-46F6-9CE8-220A6720EBDE}.Release|x86.Build.0 = Release|Any CPU
	EndGlobalSection
	GlobalSection(SolutionProperties) = preSolution
		HideSolutionNode = FALSE
	EndGlobalSection
EndGlobal
